
Microsoft Visual Studio Solution File, Format Version 12.00
# Blend for Visual Studio Version 16
VisualStudioVersion = 16.0.34114.132
MinimumVisualStudioVersion = 10.0.40219.1
Project("{F184B08F-C81C-45F6-A57F-5ABD9991F28F}") = "ex comptabilite", "ex comptabilite\ex comptabilite.vbproj", "{96DA9DA6-945A-4201-BBC8-92FF1814B670}"
EndProject
Global
	GlobalSection(SolutionConfigurationPlatforms) = preSolution
		Debug|ARM = Debug|ARM
		Debug|ARM64 = Debug|ARM64
		Debug|x64 = Debug|x64
		Debug|x86 = Debug|x86
		Release|ARM = Release|ARM
		Release|ARM64 = Release|ARM64
		Release|x64 = Release|x64
		Release|x86 = Release|x86
	EndGlobalSection
	GlobalSection(ProjectConfigurationPlatforms) = postSolution
		{96DA9DA6-945A-4201-BBC8-92FF1814B670}.Debug|ARM.ActiveCfg = Debug|ARM
		{96DA9DA6-945A-4201-BBC8-92FF1814B670}.Debug|ARM.Build.0 = Debug|ARM
		{96DA9DA6-945A-4201-BBC8-92FF1814B670}.Debug|ARM.Deploy.0 = Debug|ARM
		{96DA9DA6-945A-4201-BBC8-92FF1814B670}.Debug|ARM64.ActiveCfg = Debug|ARM64
		{96DA9DA6-945A-4201-BBC8-92FF1814B670}.Debug|ARM64.Build.0 = Debug|ARM64
		{96DA9DA6-945A-4201-BBC8-92FF1814B670}.Debug|ARM64.Deploy.0 = Debug|ARM64
		{96DA9DA6-945A-4201-BBC8-92FF1814B670}.Debug|x64.ActiveCfg = Debug|x64
		{96DA9DA6-945A-4201-BBC8-92FF1814B670}.Debug|x64.Build.0 = Debug|x64
		{96DA9DA6-945A-4201-BBC8-92FF1814B670}.Debug|x64.Deploy.0 = Debug|x64
		{96DA9DA6-945A-4201-BBC8-92FF1814B670}.Debug|x86.ActiveCfg = Debug|x86
		{96DA9DA6-945A-4201-BBC8-92FF1814B670}.Debug|x86.Build.0 = Debug|x86
		{96DA9DA6-945A-4201-BBC8-92FF1814B670}.Debug|x86.Deploy.0 = Debug|x86
		{96DA9DA6-945A-4201-BBC8-92FF1814B670}.Release|ARM.ActiveCfg = Release|ARM
		{96DA9DA6-945A-4201-BBC8-92FF1814B670}.Release|ARM.Build.0 = Release|ARM
		{96DA9DA6-945A-4201-BBC8-92FF1814B670}.Release|ARM.Deploy.0 = Release|ARM
		{96DA9DA6-945A-4201-BBC8-92FF1814B670}.Release|ARM64.ActiveCfg = Release|ARM64
		{96DA9DA6-945A-4201-BBC8-92FF1814B670}.Release|ARM64.Build.0 = Release|ARM64
		{96DA9DA6-945A-4201-BBC8-92FF1814B670}.Release|ARM64.Deploy.0 = Release|ARM64
		{96DA9DA6-945A-4201-BBC8-92FF1814B670}.Release|x64.ActiveCfg = Release|x64
		{96DA9DA6-945A-4201-BBC8-92FF1814B670}.Release|x64.Build.0 = Release|x64
		{96DA9DA6-945A-4201-BBC8-92FF1814B670}.Release|x64.Deploy.0 = Release|x64
		{96DA9DA6-945A-4201-BBC8-92FF1814B670}.Release|x86.ActiveCfg = Release|x86
		{96DA9DA6-945A-4201-BBC8-92FF1814B670}.Release|x86.Build.0 = Release|x86
		{96DA9DA6-945A-4201-BBC8-92FF1814B670}.Release|x86.Deploy.0 = Release|x86
	EndGlobalSection
	GlobalSection(SolutionProperties) = preSolution
		HideSolutionNode = FALSE
	EndGlobalSection
	GlobalSection(ExtensibilityGlobals) = postSolution
		SolutionGuid = {F621A763-DDF4-45BA-8469-E26370FC62B2}
	EndGlobalSection
EndGlobal
